{
  "originHash" : "2686acabf92d4a88b2088deb3bd3c13cead01bc7bc1aa1f957f503a58105fe12",
  "pins" : [
    {
      "identity" : "cryptoswift",
      "kind" : "remoteSourceControl",
      "location" : "https://github.com/krzyzanowskim/CryptoSwift.git",
      "state" : {
        "revision" : "f2a627b84c1ff96f21ac2fcb623ab36142dd5512",
        "version" : "1.10.0"
      }
    },
    {
      "identity" : "swift-argument-parser",
      "kind" : "remoteSourceControl",
      "location" : "https://github.com/apple/swift-argument-parser",
      "state" : {
        "revision" : "6a52f3251125d74daf04fcbd5e6f08a75d074382",
        "version" : "1.8.2"
      }
    },
    {
      "identity" : "swift-asn1",
      "kind" : "remoteSourceControl",
      "location" : "https://github.com/apple/swift-asn1.git",
      "state" : {
        "revision" : "a9a5efd40eaf558a2bcd48d64b1d1646be686008",
        "version" : "1.7.1"
      }
    },
    {
      "identity" : "swift-bases",
      "kind" : "remoteSourceControl",
      "location" : "https://github.com/swift-libp2p/swift-bases.git",
      "state" : {
        "revision" : "f6f3ddc88aef6fd39494a35a7e95cd93c1a63e79",
        "version" : "0.3.0"
      }
    },
    {
      "identity" : "swift-cbor",
      "kind" : "remoteSourceControl",
      "location" : "https://github.com/nnabeyang/swift-cbor.git",
      "state" : {
        "revision" : "068a3f900e0078aef0be8542ef017e5347217b32",
        "version" : "0.1.0"
      }
    },
    {
      "identity" : "swift-cid",
      "kind" : "remoteSourceControl",
      "location" : "https://github.com/swift-libp2p/swift-cid",
      "state" : {
        "revision" : "f2eb18409e87c0da057624b550a6c4a3e08de5c4",
        "version" : "0.0.1"
      }
    },
    {
      "identity" : "swift-crypto",
      "kind" : "remoteSourceControl",
      "location" : "https://github.com/apple/swift-crypto",
      "state" : {
        "revision" : "47d3869a7291f085c1fb9fb1e6d3b97a793f45c6",
        "version" : "4.5.1"
      }
    },
    {
      "identity" : "swift-http-types",
      "kind" : "remoteSourceControl",
      "location" : "https://github.com/apple/swift-http-types.git",
      "state" : {
        "revision" : "db774a277f60063a32d854f2980299caf06da041",
        "version" : "1.6.0"
      }
    },
    {
      "identity" : "swift-multibase",
      "kind" : "remoteSourceControl",
      "location" : "https://github.com/swift-libp2p/swift-multibase.git",
      "state" : {
        "revision" : "931b5a64bb773c585a947d9f25cc158d433bd555",
        "version" : "0.2.3"
      }
    },
    {
      "identity" : "swift-multicodec",
      "kind" : "remoteSourceControl",
      "location" : "https://github.com/swift-libp2p/swift-multicodec.git",
      "state" : {
        "revision" : "ded4ad7437292c7ce61c1076b7367a1405fd415e",
        "version" : "0.2.2"
      }
    },
    {
      "identity" : "swift-multihash",
      "kind" : "remoteSourceControl",
      "location" : "https://github.com/swift-libp2p/swift-multihash.git",
      "state" : {
        "revision" : "6a42903314c1433c832f91ab02a285d3a0a061b6",
        "version" : "0.2.2"
      }
    },
    {
      "identity" : "swift-secp256k1",
      "kind" : "remoteSourceControl",
      "location" : "https://github.com/21-DOT-DEV/swift-secp256k1",
      "state" : {
        "revision" : "e2f4de7caec61e971081d44e73ea6ef20359743b",
        "version" : "0.19.0"
      }
    },
    {
      "identity" : "swift-syntax",
      "kind" : "remoteSourceControl",
      "location" : "https://github.com/swiftlang/swift-syntax.git",
      "state" : {
        "revision" : "79e4b74a295b6eb74a8b585e3a39d29e70c1dbd1",
        "version" : "603.0.2"
      }
    },
    {
      "identity" : "swift-varint",
      "kind" : "remoteSourceControl",
      "location" : "https://github.com/swift-libp2p/swift-varint.git",
      "state" : {
        "revision" : "10254c96e8b979fe39775e28524c5da698278055",
        "version" : "0.2.1"
      }
    }
  ],
  "version" : 3
}
