{
  "originHash" : "73ae2013a4e99a8c9d3898dfe41676ca8886826c7562ca3dd4796d58ae84723a",
  "pins" : [
    {
      "identity" : "cryptoswift",
      "kind" : "remoteSourceControl",
      "location" : "https://github.com/krzyzanowskim/CryptoSwift.git",
      "state" : {
        "revision" : "f2a627b84c1ff96f21ac2fcb623ab36142dd5512",
        "version" : "1.10.0"
      }
    },
    {
      "identity" : "swift-argument-parser",
      "kind" : "remoteSourceControl",
      "location" : "https://github.com/apple/swift-argument-parser",
      "state" : {
        "revision" : "ca37474853a4b5f59a22c74bfdd449b1f6bc4cc2",
        "version" : "1.8.1"
      }
    },
    {
      "identity" : "swift-asn1",
      "kind" : "remoteSourceControl",
      "location" : "https://github.com/apple/swift-asn1.git",
      "state" : {
        "revision" : "eb50cbd14606a9161cbc5d452f18797c90ef0bab",
        "version" : "1.7.0"
      }
    },
    {
      "identity" : "swift-bases",
      "kind" : "remoteSourceControl",
      "location" : "https://github.com/swift-libp2p/swift-bases.git",
      "state" : {
        "revision" : "96615d4b582f9f6536d8278304ce2a64c8e5288a",
        "version" : "0.2.0"
      }
    },
    {
      "identity" : "swift-cid",
      "kind" : "remoteSourceControl",
      "location" : "https://github.com/swift-libp2p/swift-cid",
      "state" : {
        "revision" : "f2eb18409e87c0da057624b550a6c4a3e08de5c4",
        "version" : "0.0.1"
      }
    },
    {
      "identity" : "swift-crypto",
      "kind" : "remoteSourceControl",
      "location" : "https://github.com/apple/swift-crypto",
      "state" : {
        "revision" : "1b6b2e274e85105bfa155183145a1dcfd63331f1",
        "version" : "4.5.0"
      }
    },
    {
      "identity" : "swift-http-types",
      "kind" : "remoteSourceControl",
      "location" : "https://github.com/apple/swift-http-types.git",
      "state" : {
        "revision" : "45eb0224913ea070ec4fba17291b9e7ecf4749ca",
        "version" : "1.5.1"
      }
    },
    {
      "identity" : "swift-multibase",
      "kind" : "remoteSourceControl",
      "location" : "https://github.com/swift-libp2p/swift-multibase.git",
      "state" : {
        "revision" : "45f3cf2844477b9d211e1d3e793d0853134fd942",
        "version" : "0.0.2"
      }
    },
    {
      "identity" : "swift-multicodec",
      "kind" : "remoteSourceControl",
      "location" : "https://github.com/swift-libp2p/swift-multicodec.git",
      "state" : {
        "revision" : "8b22b5941f934a51945d50793b104114a92a493c",
        "version" : "0.2.1"
      }
    },
    {
      "identity" : "swift-multihash",
      "kind" : "remoteSourceControl",
      "location" : "https://github.com/swift-libp2p/swift-multihash.git",
      "state" : {
        "revision" : "7ea5a9866bd341601fa61647d521880944139353",
        "version" : "0.0.4"
      }
    },
    {
      "identity" : "swift-secp256k1",
      "kind" : "remoteSourceControl",
      "location" : "https://github.com/21-DOT-DEV/swift-secp256k1",
      "state" : {
        "revision" : "e2f4de7caec61e971081d44e73ea6ef20359743b",
        "version" : "0.19.0"
      }
    },
    {
      "identity" : "swift-syntax",
      "kind" : "remoteSourceControl",
      "location" : "https://github.com/swiftlang/swift-syntax.git",
      "state" : {
        "revision" : "9de99a78f099e59caf2b2beec65a4c45d54b2081",
        "version" : "603.0.1"
      }
    },
    {
      "identity" : "swift-varint",
      "kind" : "remoteSourceControl",
      "location" : "https://github.com/swift-libp2p/swift-varint.git",
      "state" : {
        "revision" : "b62beeea61d5c7c434d7af8a212211a4e7a8f926",
        "version" : "0.2.0"
      }
    }
  ],
  "version" : 3
}
